
Microsoft Visual Studio Solution File, Format Version 12.00
# Visual Studio 15
VisualStudioVersion = 15.0.28010.2036
MinimumVisualStudioVersion = 10.0.40219.1
Project("{FAE04EC0-301F-11D3-BF4B-00C04F79EFBC}") = "A9", "A9\A9.csproj", "{6559A5D7-C5CB-4438-B066-E954109DA3A8}"
EndProject
Project("{FAE04EC0-301F-11D3-BF4B-00C04F79EFBC}") = "A9Tests", "A9Tests\A9Tests.csproj", "{14645586-4616-45C9-8293-0CC80AC0144E}"
EndProject
Project("{FAE04EC0-301F-11D3-BF4B-00C04F79EFBC}") = "TestCommon", "..\Common\TestCommon\TestCommon.csproj", "{C39FF0C4-6960-42AD-8E2C-D2CAFE850A52}"
EndProject
Global
	GlobalSection(SolutionConfigurationPlatforms) = preSolution
		Debug|Any CPU = Debug|Any CPU
		Release|Any CPU = Release|Any CPU
	EndGlobalSection
	GlobalSection(ProjectConfigurationPlatforms) = postSolution
		{6559A5D7-C5CB-4438-B066-E954109DA3A8}.Debug|Any CPU.ActiveCfg = Debug|Any CPU
		{6559A5D7-C5CB-4438-B066-E954109DA3A8}.Debug|Any CPU.Build.0 = Debug|Any CPU
		{6559A5D7-C5CB-4438-B066-E954109DA3A8}.Release|Any CPU.ActiveCfg = Release|Any CPU
		{6559A5D7-C5CB-4438-B066-E954109DA3A8}.Release|Any CPU.Build.0 = Release|Any CPU
		{14645586-4616-45C9-8293-0CC80AC0144E}.Debug|Any CPU.ActiveCfg = Debug|Any CPU
		{14645586-4616-45C9-8293-0CC80AC0144E}.Debug|Any CPU.Build.0 = Debug|Any CPU
		{14645586-4616-45C9-8293-0CC80AC0144E}.Release|Any CPU.ActiveCfg = Release|Any CPU
		{14645586-4616-45C9-8293-0CC80AC0144E}.Release|Any CPU.Build.0 = Release|Any CPU
		{C39FF0C4-6960-42AD-8E2C-D2CAFE850A52}.Debug|Any CPU.ActiveCfg = Debug|Any CPU
		{C39FF0C4-6960-42AD-8E2C-D2CAFE850A52}.Debug|Any CPU.Build.0 = Debug|Any CPU
		{C39FF0C4-6960-42AD-8E2C-D2CAFE850A52}.Release|Any CPU.ActiveCfg = Release|Any CPU
		{C39FF0C4-6960-42AD-8E2C-D2CAFE850A52}.Release|Any CPU.Build.0 = Release|Any CPU
	EndGlobalSection
	GlobalSection(SolutionProperties) = preSolution
		HideSolutionNode = FALSE
	EndGlobalSection
	GlobalSection(ExtensibilityGlobals) = postSolution
		SolutionGuid = {3A09E2F6-A93B-4EB2-B54E-689EA1C9049F}
	EndGlobalSection
EndGlobal
