
Microsoft Visual Studio Solution File, Format Version 12.00
# Visual Studio 15
VisualStudioVersion = 15.0.28010.2036
MinimumVisualStudioVersion = 10.0.40219.1
Project("{FAE04EC0-301F-11D3-BF4B-00C04F79EFBC}") = "A2", "A2\A2.csproj", "{A0CF7559-999F-4B2E-9CE9-ABDFF9D6D035}"
EndProject
Project("{FAE04EC0-301F-11D3-BF4B-00C04F79EFBC}") = "A2Tests", "A2Tests\A2Tests.csproj", "{59B780B4-E3B2-4E0B-898A-F7C3548E41AA}"
EndProject
Project("{FAE04EC0-301F-11D3-BF4B-00C04F79EFBC}") = "TestCommon", "..\Common\TestCommon\TestCommon.csproj", "{C39FF0C4-6960-42AD-8E2C-D2CAFE850A52}"
EndProject
Global
	GlobalSection(SolutionConfigurationPlatforms) = preSolution
		Debug|Any CPU = Debug|Any CPU
		Release|Any CPU = Release|Any CPU
	EndGlobalSection
	GlobalSection(ProjectConfigurationPlatforms) = postSolution
		{A0CF7559-999F-4B2E-9CE9-ABDFF9D6D035}.Debug|Any CPU.ActiveCfg = Debug|Any CPU
		{A0CF7559-999F-4B2E-9CE9-ABDFF9D6D035}.Debug|Any CPU.Build.0 = Debug|Any CPU
		{A0CF7559-999F-4B2E-9CE9-ABDFF9D6D035}.Release|Any CPU.ActiveCfg = Release|Any CPU
		{A0CF7559-999F-4B2E-9CE9-ABDFF9D6D035}.Release|Any CPU.Build.0 = Release|Any CPU
		{59B780B4-E3B2-4E0B-898A-F7C3548E41AA}.Debug|Any CPU.ActiveCfg = Debug|Any CPU
		{59B780B4-E3B2-4E0B-898A-F7C3548E41AA}.Debug|Any CPU.Build.0 = Debug|Any CPU
		{59B780B4-E3B2-4E0B-898A-F7C3548E41AA}.Release|Any CPU.ActiveCfg = Release|Any CPU
		{59B780B4-E3B2-4E0B-898A-F7C3548E41AA}.Release|Any CPU.Build.0 = Release|Any CPU
		{C39FF0C4-6960-42AD-8E2C-D2CAFE850A52}.Debug|Any CPU.ActiveCfg = Debug|Any CPU
		{C39FF0C4-6960-42AD-8E2C-D2CAFE850A52}.Debug|Any CPU.Build.0 = Debug|Any CPU
		{C39FF0C4-6960-42AD-8E2C-D2CAFE850A52}.Release|Any CPU.ActiveCfg = Release|Any CPU
		{C39FF0C4-6960-42AD-8E2C-D2CAFE850A52}.Release|Any CPU.Build.0 = Release|Any CPU
	EndGlobalSection
	GlobalSection(SolutionProperties) = preSolution
		HideSolutionNode = FALSE
	EndGlobalSection
	GlobalSection(ExtensibilityGlobals) = postSolution
		SolutionGuid = {315A63B1-44FB-4DC5-8F27-694F70E3278A}
	EndGlobalSection
EndGlobal
