
Microsoft Visual Studio Solution File, Format Version 12.00
# Visual Studio 15
VisualStudioVersion = 15.0.28010.2036
MinimumVisualStudioVersion = 10.0.40219.1
Project("{FAE04EC0-301F-11D3-BF4B-00C04F79EFBC}") = "A5", "A5\A5.csproj", "{B51BBDD9-0D94-4424-9EF7-75BEF1814C7D}"
EndProject
Global
	GlobalSection(SolutionConfigurationPlatforms) = preSolution
		Debug|Any CPU = Debug|Any CPU
		Release|Any CPU = Release|Any CPU
	EndGlobalSection
	GlobalSection(ProjectConfigurationPlatforms) = postSolution
		{B51BBDD9-0D94-4424-9EF7-75BEF1814C7D}.Debug|Any CPU.ActiveCfg = Debug|Any CPU
		{B51BBDD9-0D94-4424-9EF7-75BEF1814C7D}.Debug|Any CPU.Build.0 = Debug|Any CPU
		{B51BBDD9-0D94-4424-9EF7-75BEF1814C7D}.Release|Any CPU.ActiveCfg = Release|Any CPU
		{B51BBDD9-0D94-4424-9EF7-75BEF1814C7D}.Release|Any CPU.Build.0 = Release|Any CPU
	EndGlobalSection
	GlobalSection(SolutionProperties) = preSolution
		HideSolutionNode = FALSE
	EndGlobalSection
	GlobalSection(ExtensibilityGlobals) = postSolution
		SolutionGuid = {C76953E4-155E-4CEF-875F-EDFDB679E0FA}
	EndGlobalSection
EndGlobal
