
Microsoft Visual Studio Solution File, Format Version 12.00
# Visual Studio 15
VisualStudioVersion = 15.0.28010.2036
MinimumVisualStudioVersion = 10.0.40219.1
Project("{FAE04EC0-301F-11D3-BF4B-00C04F79EFBC}") = "Exam2", "Exam2\Exam2.csproj", "{5D9FEA29-A366-46C7-930D-33DC0EF87DEB}"
EndProject
Project("{FAE04EC0-301F-11D3-BF4B-00C04F79EFBC}") = "Exam2Tests", "Exam2Tests\Exam2Tests.csproj", "{A3698F94-0354-4126-AA7B-309011E2CE30}"
EndProject
Project("{FAE04EC0-301F-11D3-BF4B-00C04F79EFBC}") = "TestCommon", "..\Common\TestCommon\TestCommon.csproj", "{C39FF0C4-6960-42AD-8E2C-D2CAFE850A52}"
EndProject
Global
	GlobalSection(SolutionConfigurationPlatforms) = preSolution
		Debug|Any CPU = Debug|Any CPU
		Release|Any CPU = Release|Any CPU
	EndGlobalSection
	GlobalSection(ProjectConfigurationPlatforms) = postSolution
		{5D9FEA29-A366-46C7-930D-33DC0EF87DEB}.Debug|Any CPU.ActiveCfg = Debug|Any CPU
		{5D9FEA29-A366-46C7-930D-33DC0EF87DEB}.Debug|Any CPU.Build.0 = Debug|Any CPU
		{5D9FEA29-A366-46C7-930D-33DC0EF87DEB}.Release|Any CPU.ActiveCfg = Release|Any CPU
		{5D9FEA29-A366-46C7-930D-33DC0EF87DEB}.Release|Any CPU.Build.0 = Release|Any CPU
		{A3698F94-0354-4126-AA7B-309011E2CE30}.Debug|Any CPU.ActiveCfg = Debug|Any CPU
		{A3698F94-0354-4126-AA7B-309011E2CE30}.Debug|Any CPU.Build.0 = Debug|Any CPU
		{A3698F94-0354-4126-AA7B-309011E2CE30}.Release|Any CPU.ActiveCfg = Release|Any CPU
		{A3698F94-0354-4126-AA7B-309011E2CE30}.Release|Any CPU.Build.0 = Release|Any CPU
		{C39FF0C4-6960-42AD-8E2C-D2CAFE850A52}.Debug|Any CPU.ActiveCfg = Debug|Any CPU
		{C39FF0C4-6960-42AD-8E2C-D2CAFE850A52}.Debug|Any CPU.Build.0 = Debug|Any CPU
		{C39FF0C4-6960-42AD-8E2C-D2CAFE850A52}.Release|Any CPU.ActiveCfg = Release|Any CPU
		{C39FF0C4-6960-42AD-8E2C-D2CAFE850A52}.Release|Any CPU.Build.0 = Release|Any CPU
	EndGlobalSection
	GlobalSection(SolutionProperties) = preSolution
		HideSolutionNode = FALSE
	EndGlobalSection
	GlobalSection(ExtensibilityGlobals) = postSolution
		SolutionGuid = {7140B9F6-43E1-44ED-A35E-409FEEB8F35F}
	EndGlobalSection
EndGlobal
