
Microsoft Visual Studio Solution File, Format Version 12.00
# Visual Studio 15
VisualStudioVersion = 15.0.28010.2036
MinimumVisualStudioVersion = 10.0.40219.1
Project("{FAE04EC0-301F-11D3-BF4B-00C04F79EFBC}") = "A3", "A3\A3.csproj", "{BCB87959-524E-4A11-9138-331A80A1BAEC}"
EndProject
Project("{FAE04EC0-301F-11D3-BF4B-00C04F79EFBC}") = "A3Tests", "A3Tests\A3Tests.csproj", "{20FBB50E-D269-4E9E-8EF1-B08913D0C308}"
EndProject
Project("{FAE04EC0-301F-11D3-BF4B-00C04F79EFBC}") = "TestCommon", "..\Common\TestCommon\TestCommon.csproj", "{C39FF0C4-6960-42AD-8E2C-D2CAFE850A52}"
EndProject
Global
	GlobalSection(SolutionConfigurationPlatforms) = preSolution
		Debug|Any CPU = Debug|Any CPU
		Release|Any CPU = Release|Any CPU
	EndGlobalSection
	GlobalSection(ProjectConfigurationPlatforms) = postSolution
		{BCB87959-524E-4A11-9138-331A80A1BAEC}.Debug|Any CPU.ActiveCfg = Debug|Any CPU
		{BCB87959-524E-4A11-9138-331A80A1BAEC}.Debug|Any CPU.Build.0 = Debug|Any CPU
		{BCB87959-524E-4A11-9138-331A80A1BAEC}.Release|Any CPU.ActiveCfg = Release|Any CPU
		{BCB87959-524E-4A11-9138-331A80A1BAEC}.Release|Any CPU.Build.0 = Release|Any CPU
		{20FBB50E-D269-4E9E-8EF1-B08913D0C308}.Debug|Any CPU.ActiveCfg = Debug|Any CPU
		{20FBB50E-D269-4E9E-8EF1-B08913D0C308}.Debug|Any CPU.Build.0 = Debug|Any CPU
		{20FBB50E-D269-4E9E-8EF1-B08913D0C308}.Release|Any CPU.ActiveCfg = Release|Any CPU
		{20FBB50E-D269-4E9E-8EF1-B08913D0C308}.Release|Any CPU.Build.0 = Release|Any CPU
		{C39FF0C4-6960-42AD-8E2C-D2CAFE850A52}.Debug|Any CPU.ActiveCfg = Debug|Any CPU
		{C39FF0C4-6960-42AD-8E2C-D2CAFE850A52}.Debug|Any CPU.Build.0 = Debug|Any CPU
		{C39FF0C4-6960-42AD-8E2C-D2CAFE850A52}.Release|Any CPU.ActiveCfg = Release|Any CPU
		{C39FF0C4-6960-42AD-8E2C-D2CAFE850A52}.Release|Any CPU.Build.0 = Release|Any CPU
	EndGlobalSection
	GlobalSection(SolutionProperties) = preSolution
		HideSolutionNode = FALSE
	EndGlobalSection
	GlobalSection(ExtensibilityGlobals) = postSolution
		SolutionGuid = {57CCDAD3-9738-43AB-A113-D5D2C56EAE76}
	EndGlobalSection
EndGlobal
